
Microsoft Visual Studio Solution File, Format Version 12.00
# Visual Studio Version 17
VisualStudioVersion = 17.0.31903.59
MinimumVisualStudioVersion = 10.0.40219.1
Project("{2150E333-8FDC-42A3-9474-1A3956D46DE8}") = "src", "src", "{12B55570-50FE-4BD8-9D3B-AD017C4D6610}"
EndProject
Project("{FAE04EC0-301F-11D3-BF4B-00C04F79EFBC}") = "DoubleDispatch.Logic", "src\DoubleDispatch.Logic\DoubleDispatch.Logic.csproj", "{3E5A491E-EC3C-4B78-B4EC-020DEF620460}"
EndProject
Project("{2150E333-8FDC-42A3-9474-1A3956D46DE8}") = "tests", "tests", "{CEA9ECB3-7654-4B42-BEC5-52BF2FC888E5}"
EndProject
Project("{FAE04EC0-301F-11D3-BF4B-00C04F79EFBC}") = "DoubleDispatch.Tests", "tests\DoubleDispatch.Tests\DoubleDispatch.Tests.csproj", "{487A6E56-2CF0-4A9B-96F7-5C8509E9D8E4}"
EndProject
Project("{FAE04EC0-301F-11D3-BF4B-00C04F79EFBC}") = "DoubleDispatch.Client", "src\DoubleDispatch.Client\DoubleDispatch.Client.csproj", "{AD2FE02B-C330-47C5-A803-AD736469A213}"
EndProject
Global
	GlobalSection(SolutionConfigurationPlatforms) = preSolution
		Debug|Any CPU = Debug|Any CPU
		Release|Any CPU = Release|Any CPU
	EndGlobalSection
	GlobalSection(SolutionProperties) = preSolution
		HideSolutionNode = FALSE
	EndGlobalSection
	GlobalSection(ProjectConfigurationPlatforms) = postSolution
		{3E5A491E-EC3C-4B78-B4EC-020DEF620460}.Debug|Any CPU.ActiveCfg = Debug|Any CPU
		{3E5A491E-EC3C-4B78-B4EC-020DEF620460}.Debug|Any CPU.Build.0 = Debug|Any CPU
		{3E5A491E-EC3C-4B78-B4EC-020DEF620460}.Release|Any CPU.ActiveCfg = Release|Any CPU
		{3E5A491E-EC3C-4B78-B4EC-020DEF620460}.Release|Any CPU.Build.0 = Release|Any CPU
		{487A6E56-2CF0-4A9B-96F7-5C8509E9D8E4}.Debug|Any CPU.ActiveCfg = Debug|Any CPU
		{487A6E56-2CF0-4A9B-96F7-5C8509E9D8E4}.Debug|Any CPU.Build.0 = Debug|Any CPU
		{487A6E56-2CF0-4A9B-96F7-5C8509E9D8E4}.Release|Any CPU.ActiveCfg = Release|Any CPU
		{487A6E56-2CF0-4A9B-96F7-5C8509E9D8E4}.Release|Any CPU.Build.0 = Release|Any CPU
		{AD2FE02B-C330-47C5-A803-AD736469A213}.Debug|Any CPU.ActiveCfg = Debug|Any CPU
		{AD2FE02B-C330-47C5-A803-AD736469A213}.Debug|Any CPU.Build.0 = Debug|Any CPU
		{AD2FE02B-C330-47C5-A803-AD736469A213}.Release|Any CPU.ActiveCfg = Release|Any CPU
		{AD2FE02B-C330-47C5-A803-AD736469A213}.Release|Any CPU.Build.0 = Release|Any CPU
	EndGlobalSection
	GlobalSection(NestedProjects) = preSolution
		{3E5A491E-EC3C-4B78-B4EC-020DEF620460} = {12B55570-50FE-4BD8-9D3B-AD017C4D6610}
		{487A6E56-2CF0-4A9B-96F7-5C8509E9D8E4} = {CEA9ECB3-7654-4B42-BEC5-52BF2FC888E5}
		{AD2FE02B-C330-47C5-A803-AD736469A213} = {12B55570-50FE-4BD8-9D3B-AD017C4D6610}
	EndGlobalSection
EndGlobal
